
Microsoft Visual Studio Solution File, Format Version 12.00
# Visual Studio Version 17
VisualStudioVersion = 17.4.33213.308
MinimumVisualStudioVersion = 10.0.40219.1
Project("{FAE04EC0-301F-11D3-BF4B-00C04F79EFBC}") = "CsMarket", "CsMarket\CsMarket.csproj", "{5FA30132-FF0A-4228-9A28-CB93D3D54082}"
EndProject
Project("{FAE04EC0-301F-11D3-BF4B-00C04F79EFBC}") = "CsMarket.Tests", "CsMarket.Tests\CsMarket.Tests.csproj", "{AD0F2512-D24B-494D-853C-5B90443FE519}"
EndProject
Global
	GlobalSection(SolutionConfigurationPlatforms) = preSolution
		Debug|Any CPU = Debug|Any CPU
		Release|Any CPU = Release|Any CPU
	EndGlobalSection
	GlobalSection(ProjectConfigurationPlatforms) = postSolution
		{5FA30132-FF0A-4228-9A28-CB93D3D54082}.Debug|Any CPU.ActiveCfg = Debug|Any CPU
		{5FA30132-FF0A-4228-9A28-CB93D3D54082}.Debug|Any CPU.Build.0 = Debug|Any CPU
		{5FA30132-FF0A-4228-9A28-CB93D3D54082}.Release|Any CPU.ActiveCfg = Release|Any CPU
		{5FA30132-FF0A-4228-9A28-CB93D3D54082}.Release|Any CPU.Build.0 = Release|Any CPU
		{AD0F2512-D24B-494D-853C-5B90443FE519}.Debug|Any CPU.ActiveCfg = Debug|Any CPU
		{AD0F2512-D24B-494D-853C-5B90443FE519}.Debug|Any CPU.Build.0 = Debug|Any CPU
		{AD0F2512-D24B-494D-853C-5B90443FE519}.Release|Any CPU.ActiveCfg = Release|Any CPU
		{AD0F2512-D24B-494D-853C-5B90443FE519}.Release|Any CPU.Build.0 = Release|Any CPU
	EndGlobalSection
	GlobalSection(SolutionProperties) = preSolution
		HideSolutionNode = FALSE
	EndGlobalSection
	GlobalSection(ExtensibilityGlobals) = postSolution
		SolutionGuid = {4BBA476D-578E-4FDC-AE88-5725A0AD58BA}
	EndGlobalSection
EndGlobal
